
Microsoft Visual Studio Solution File, Format Version 12.00
# Visual Studio Version 17
VisualStudioVersion = 17.5.002.0
MinimumVisualStudioVersion = 10.0.40219.1
Project("{9A19103F-16F7-4668-BE54-9A1E7A4F7556}") = "Minioppgave-MVC", "Minioppgave-MVC.csproj", "{745FD056-B31D-4B69-873C-84D94F4C3425}"
EndProject
Global
	GlobalSection(SolutionConfigurationPlatforms) = preSolution
		Debug|Any CPU = Debug|Any CPU
		Release|Any CPU = Release|Any CPU
	EndGlobalSection
	GlobalSection(ProjectConfigurationPlatforms) = postSolution
		{745FD056-B31D-4B69-873C-84D94F4C3425}.Debug|Any CPU.ActiveCfg = Debug|Any CPU
		{745FD056-B31D-4B69-873C-84D94F4C3425}.Debug|Any CPU.Build.0 = Debug|Any CPU
		{745FD056-B31D-4B69-873C-84D94F4C3425}.Release|Any CPU.ActiveCfg = Release|Any CPU
		{745FD056-B31D-4B69-873C-84D94F4C3425}.Release|Any CPU.Build.0 = Release|Any CPU
	EndGlobalSection
	GlobalSection(SolutionProperties) = preSolution
		HideSolutionNode = FALSE
	EndGlobalSection
	GlobalSection(ExtensibilityGlobals) = postSolution
		SolutionGuid = {C54EC1D6-2275-47BB-8289-F6280210AED8}
	EndGlobalSection
EndGlobal
